
Microsoft Visual Studio Solution File, Format Version 12.00
# Visual Studio 15
VisualStudioVersion = 15.0.26730.12
MinimumVisualStudioVersion = 10.0.40219.1
Project("{FAE04EC0-301F-11D3-BF4B-00C04F79EFBC}") = "ShapeClasses", "ShapeClasses\ShapeClasses.csproj", "{531E99A7-475B-4D95-840D-E0580821C5C8}"
EndProject
Global
	GlobalSection(SolutionConfigurationPlatforms) = preSolution
		Debug|Any CPU = Debug|Any CPU
		Release|Any CPU = Release|Any CPU
	EndGlobalSection
	GlobalSection(ProjectConfigurationPlatforms) = postSolution
		{531E99A7-475B-4D95-840D-E0580821C5C8}.Debug|Any CPU.ActiveCfg = Debug|Any CPU
		{531E99A7-475B-4D95-840D-E0580821C5C8}.Debug|Any CPU.Build.0 = Debug|Any CPU
		{531E99A7-475B-4D95-840D-E0580821C5C8}.Release|Any CPU.ActiveCfg = Release|Any CPU
		{531E99A7-475B-4D95-840D-E0580821C5C8}.Release|Any CPU.Build.0 = Release|Any CPU
	EndGlobalSection
	GlobalSection(SolutionProperties) = preSolution
		HideSolutionNode = FALSE
	EndGlobalSection
	GlobalSection(ExtensibilityGlobals) = postSolution
		SolutionGuid = {AFCD3F14-DAA6-4BA3-939D-2A3308F48F1B}
	EndGlobalSection
EndGlobal
